// !$*UTF8*$!
{
	archiveVersion = 1;
	classes = {
	};
	objectVersion = 52;
	objects = {

/* Begin PBXBuildFile section */
		FC416B5425EBAB9A00410C52 /* AppDelegate.swift in Sources */ = {isa = PBXBuildFile; fileRef = FC416B5325EBAB9A00410C52 /* AppDelegate.swift */; };
		FC416B5625EBAB9A00410C52 /* SceneDelegate.swift in Sources */ = {isa = PBXBuildFile; fileRef = FC416B5525EBAB9A00410C52 /* SceneDelegate.swift */; };
		FC416B5825EBAB9A00410C52 /* ContentView.swift in Sources */ = {isa = PBXBuildFile; fileRef = FC416B5725EBAB9A00410C52 /* ContentView.swift */; };
		FC416B5B25EBAB9A00410C52 /* Recipe_iOS.xcdatamodeld in Sources */ = {isa = PBXBuildFile; fileRef = FC416B5925EBAB9A00410C52 /* Recipe_iOS.xcdatamodeld */; };
		FC416B5D25EBAB9C00410C52 /* Assets.xcassets in Resources */ = {isa = PBXBuildFile; fileRef = FC416B5C25EBAB9C00410C52 /* Assets.xcassets */; };
		FC416B6025EBAB9C00410C52 /* Preview Assets.xcassets in Resources */ = {isa = PBXBuildFile; fileRef = FC416B5F25EBAB9C00410C52 /* Preview Assets.xcassets */; };
		FC416B6325EBAB9C00410C52 /* LaunchScreen.storyboard in Resources */ = {isa = PBXBuildFile; fileRef = FC416B6125EBAB9C00410C52 /* LaunchScreen.storyboard */; };
		FC416B6F25EBABB300410C52 /* food.jpg in Resources */ = {isa = PBXBuildFile; fileRef = FC416B6E25EBABB300410C52 /* food.jpg */; };
		FC416B7425EBAC1700410C52 /* IQKeyboardManagerSwift in Frameworks */ = {isa = PBXBuildFile; productRef = FC416B7325EBAC1700410C52 /* IQKeyboardManagerSwift */; };
		FC416B7725EBAC5F00410C52 /* Webservice.swift in Sources */ = {isa = PBXBuildFile; fileRef = FC416B7625EBAC5F00410C52 /* Webservice.swift */; };
		FC416B7A25EBAC7C00410C52 /* Recipe.swift in Sources */ = {isa = PBXBuildFile; fileRef = FC416B7925EBAC7C00410C52 /* Recipe.swift */; };
		FC416B7D25EBAC9500410C52 /* UrlImageModel.swift in Sources */ = {isa = PBXBuildFile; fileRef = FC416B7C25EBAC9500410C52 /* UrlImageModel.swift */; };
		FC416B8025EBACBD00410C52 /* CoreDataManager.swift in Sources */ = {isa = PBXBuildFile; fileRef = FC416B7F25EBACBD00410C52 /* CoreDataManager.swift */; };
		FC416B8425EBACF500410C52 /* HomeView.swift in Sources */ = {isa = PBXBuildFile; fileRef = FC416B8325EBACF500410C52 /* HomeView.swift */; };
		FC416B8725EBAD0A00410C52 /* SearchBarView.swift in Sources */ = {isa = PBXBuildFile; fileRef = FC416B8625EBAD0A00410C52 /* SearchBarView.swift */; };
		FC416B8A25EBAD2600410C52 /* RecipeCellView.swift in Sources */ = {isa = PBXBuildFile; fileRef = FC416B8925EBAD2600410C52 /* RecipeCellView.swift */; };
		FC416B8D25EBAD3F00410C52 /* DetailView.swift in Sources */ = {isa = PBXBuildFile; fileRef = FC416B8C25EBAD3F00410C52 /* DetailView.swift */; };
		FC416B9025EBAD5F00410C52 /* AddItemView.swift in Sources */ = {isa = PBXBuildFile; fileRef = FC416B8F25EBAD5F00410C52 /* AddItemView.swift */; };
		FC416B9325EBAD7A00410C52 /* UrlImageView.swift in Sources */ = {isa = PBXBuildFile; fileRef = FC416B9225EBAD7A00410C52 /* UrlImageView.swift */; };
		FC416B9625EBAD9500410C52 /* SavedView.swift in Sources */ = {isa = PBXBuildFile; fileRef = FC416B9525EBAD9500410C52 /* SavedView.swift */; };
/* End PBXBuildFile section */

/* Begin PBXFileReference section */
		FC416B5025EBAB9A00410C52 /* Recipe-iOS.app */ = {isa = PBXFileReference; explicitFileType = wrapper.application; includeInIndex = 0; path = "Recipe-iOS.app"; sourceTree = BUILT_PRODUCTS_DIR; };
		FC416B5325EBAB9A00410C52 /* AppDelegate.swift */ = {isa = PBXFileReference; lastKnownFileType = sourcecode.swift; path = AppDelegate.swift; sourceTree = "<group>"; };
		FC416B5525EBAB9A00410C52 /* SceneDelegate.swift */ = {isa = PBXFileReference; lastKnownFileType = sourcecode.swift; path = SceneDelegate.swift; sourceTree = "<group>"; };
		FC416B5725EBAB9A00410C52 /* ContentView.swift */ = {isa = PBXFileReference; lastKnownFileType = sourcecode.swift; path = ContentView.swift; sourceTree = "<group>"; };
		FC416B5A25EBAB9A00410C52 /* Recipe_iOS.xcdatamodel */ = {isa = PBXFileReference; lastKnownFileType = wrapper.xcdatamodel; path = Recipe_iOS.xcdatamodel; sourceTree = "<group>"; };
		FC416B5C25EBAB9C00410C52 /* Assets.xcassets */ = {isa = PBXFileReference; lastKnownFileType = folder.assetcatalog; path = Assets.xcassets; sourceTree = "<group>"; };
		FC416B5F25EBAB9C00410C52 /* Preview Assets.xcassets */ = {isa = PBXFileReference; lastKnownFileType = folder.assetcatalog; path = "Preview Assets.xcassets"; sourceTree = "<group>"; };
		FC416B6225EBAB9C00410C52 /* Base */ = {isa = PBXFileReference; lastKnownFileType = file.storyboard; name = Base; path = Base.lproj/LaunchScreen.storyboard; sourceTree = "<group>"; };
		FC416B6425EBAB9C00410C52 /* Info.plist */ = {isa = PBXFileReference; lastKnownFileType = text.plist.xml; path = Info.plist; sourceTree = "<group>"; };
		FC416B6E25EBABB300410C52 /* food.jpg */ = {isa = PBXFileReference; lastKnownFileType = image.jpeg; path = food.jpg; sourceTree = "<group>"; };
		FC416B7625EBAC5F00410C52 /* Webservice.swift */ = {isa = PBXFileReference; lastKnownFileType = sourcecode.swift; path = Webservice.swift; sourceTree = "<group>"; };
		FC416B7925EBAC7C00410C52 /* Recipe.swift */ = {isa = PBXFileReference; lastKnownFileType = sourcecode.swift; path = Recipe.swift; sourceTree = "<group>"; };
		FC416B7C25EBAC9500410C52 /* UrlImageModel.swift */ = {isa = PBXFileReference; lastKnownFileType = sourcecode.swift; path = UrlImageModel.swift; sourceTree = "<group>"; };
		FC416B7F25EBACBD00410C52 /* CoreDataManager.swift */ = {isa = PBXFileReference; lastKnownFileType = sourcecode.swift; path = CoreDataManager.swift; sourceTree = "<group>"; };
		FC416B8325EBACF500410C52 /* HomeView.swift */ = {isa = PBXFileReference; lastKnownFileType = sourcecode.swift; path = HomeView.swift; sourceTree = "<group>"; };
		FC416B8625EBAD0A00410C52 /* SearchBarView.swift */ = {isa = PBXFileReference; lastKnownFileType = sourcecode.swift; path = SearchBarView.swift; sourceTree = "<group>"; };
		FC416B8925EBAD2600410C52 /* RecipeCellView.swift */ = {isa = PBXFileReference; lastKnownFileType = sourcecode.swift; path = RecipeCellView.swift; sourceTree = "<group>"; };
		FC416B8C25EBAD3F00410C52 /* DetailView.swift */ = {isa = PBXFileReference; lastKnownFileType = sourcecode.swift; path = DetailView.swift; sourceTree = "<group>"; };
		FC416B8F25EBAD5F00410C52 /* AddItemView.swift */ = {isa = PBXFileReference; lastKnownFileType = sourcecode.swift; path = AddItemView.swift; sourceTree = "<group>"; };
		FC416B9225EBAD7A00410C52 /* UrlImageView.swift */ = {isa = PBXFileReference; lastKnownFileType = sourcecode.swift; path = UrlImageView.swift; sourceTree = "<group>"; };
		FC416B9525EBAD9500410C52 /* SavedView.swift */ = {isa = PBXFileReference; lastKnownFileType = sourcecode.swift; path = SavedView.swift; sourceTree = "<group>"; };
		FC416B9B25EBAF9F00410C52 /* Recipe-iOS.entitlements */ = {isa = PBXFileReference; lastKnownFileType = text.plist.entitlements; path = "Recipe-iOS.entitlements"; sourceTree = "<group>"; };
/* End PBXFileReference section */

/* Begin PBXFrameworksBuildPhase section */
		FC416B4D25EBAB9A00410C52 /* Frameworks */ = {
			isa = PBXFrameworksBuildPhase;
			buildActionMask = 2147483647;
			files = (
				FC416B7425EBAC1700410C52 /* IQKeyboardManagerSwift in Frameworks */,
			);
			runOnlyForDeploymentPostprocessing = 0;
		};
/* End PBXFrameworksBuildPhase section */

/* Begin PBXGroup section */
		FC416B4725EBAB9A00410C52 = {
			isa = PBXGroup;
			children = (
				FC416B5225EBAB9A00410C52 /* Recipe-iOS */,
				FC416B5125EBAB9A00410C52 /* Products */,
			);
			sourceTree = "<group>";
		};
		FC416B5125EBAB9A00410C52 /* Products */ = {
			isa = PBXGroup;
			children = (
				FC416B5025EBAB9A00410C52 /* Recipe-iOS.app */,
			);
			name = Products;
			sourceTree = "<group>";
		};
		FC416B5225EBAB9A00410C52 /* Recipe-iOS */ = {
			isa = PBXGroup;
			children = (
				FC416B9B25EBAF9F00410C52 /* Recipe-iOS.entitlements */,
				FC416B7125EBABC800410C52 /* Model */,
				FC416B8225EBACDC00410C52 /* View */,
				FC416B5C25EBAB9C00410C52 /* Assets.xcassets */,
				FC416B6125EBAB9C00410C52 /* LaunchScreen.storyboard */,
				FC416B6425EBAB9C00410C52 /* Info.plist */,
				FC416B6B25EBABA400410C52 /* Delegates */,
				FC416B6E25EBABB300410C52 /* food.jpg */,
				FC416B5E25EBAB9C00410C52 /* Preview Content */,
			);
			path = "Recipe-iOS";
			sourceTree = "<group>";
		};
		FC416B5E25EBAB9C00410C52 /* Preview Content */ = {
			isa = PBXGroup;
			children = (
				FC416B5F25EBAB9C00410C52 /* Preview Assets.xcassets */,
			);
			path = "Preview Content";
			sourceTree = "<group>";
		};
		FC416B6B25EBABA400410C52 /* Delegates */ = {
			isa = PBXGroup;
			children = (
				FC416B5325EBAB9A00410C52 /* AppDelegate.swift */,
				FC416B5525EBAB9A00410C52 /* SceneDelegate.swift */,
			);
			path = Delegates;
			sourceTree = "<group>";
		};
		FC416B7125EBABC800410C52 /* Model */ = {
			isa = PBXGroup;
			children = (
				FC416B5925EBAB9A00410C52 /* Recipe_iOS.xcdatamodeld */,
				FC416B7625EBAC5F00410C52 /* Webservice.swift */,
				FC416B7925EBAC7C00410C52 /* Recipe.swift */,
				FC416B7C25EBAC9500410C52 /* UrlImageModel.swift */,
				FC416B7F25EBACBD00410C52 /* CoreDataManager.swift */,
			);
			path = Model;
			sourceTree = "<group>";
		};
		FC416B8225EBACDC00410C52 /* View */ = {
			isa = PBXGroup;
			children = (
				FC416B5725EBAB9A00410C52 /* ContentView.swift */,
				FC416B8325EBACF500410C52 /* HomeView.swift */,
				FC416B8625EBAD0A00410C52 /* SearchBarView.swift */,
				FC416B8925EBAD2600410C52 /* RecipeCellView.swift */,
				FC416B8C25EBAD3F00410C52 /* DetailView.swift */,
				FC416B8F25EBAD5F00410C52 /* AddItemView.swift */,
				FC416B9225EBAD7A00410C52 /* UrlImageView.swift */,
				FC416B9525EBAD9500410C52 /* SavedView.swift */,
			);
			path = View;
			sourceTree = "<group>";
		};
/* End PBXGroup section */

/* Begin PBXNativeTarget section */
		FC416B4F25EBAB9A00410C52 /* Recipe-iOS */ = {
			isa = PBXNativeTarget;
			buildConfigurationList = FC416B6725EBAB9C00410C52 /* Build configuration list for PBXNativeTarget "Recipe-iOS" */;
			buildPhases = (
				FC416B4C25EBAB9A00410C52 /* Sources */,
				FC416B4D25EBAB9A00410C52 /* Frameworks */,
				FC416B4E25EBAB9A00410C52 /* Resources */,
			);
			buildRules = (
			);
			dependencies = (
			);
			name = "Recipe-iOS";
			packageProductDependencies = (
				FC416B7325EBAC1700410C52 /* IQKeyboardManagerSwift */,
			);
			productName = "Recipe-iOS";
			productReference = FC416B5025EBAB9A00410C52 /* Recipe-iOS.app */;
			productType = "com.apple.product-type.application";
		};
/* End PBXNativeTarget section */

/* Begin PBXProject section */
		FC416B4825EBAB9A00410C52 /* Project object */ = {
			isa = PBXProject;
			attributes = {
				LastSwiftUpdateCheck = 1240;
				LastUpgradeCheck = 1240;
				TargetAttributes = {
					FC416B4F25EBAB9A00410C52 = {
						CreatedOnToolsVersion = 12.4;
					};
				};
			};
			buildConfigurationList = FC416B4B25EBAB9A00410C52 /* Build configuration list for PBXProject "Recipe-iOS" */;
			compatibilityVersion = "Xcode 9.3";
			developmentRegion = en;
			hasScannedForEncodings = 0;
			knownRegions = (
				en,
				Base,
			);
			mainGroup = FC416B4725EBAB9A00410C52;
			packageReferences = (
				FC416B7225EBAC1600410C52 /* XCRemoteSwiftPackageReference "IQKeyboardManager" */,
			);
			productRefGroup = FC416B5125EBAB9A00410C52 /* Products */;
			projectDirPath = "";
			projectRoot = "";
			targets = (
				FC416B4F25EBAB9A00410C52 /* Recipe-iOS */,
			);
		};
/* End PBXProject section */

/* Begin PBXResourcesBuildPhase section */
		FC416B4E25EBAB9A00410C52 /* Resources */ = {
			isa = PBXResourcesBuildPhase;
			buildActionMask = 2147483647;
			files = (
				FC416B6325EBAB9C00410C52 /* LaunchScreen.storyboard in Resources */,
				FC416B6025EBAB9C00410C52 /* Preview Assets.xcassets in Resources */,
				FC416B5D25EBAB9C00410C52 /* Assets.xcassets in Resources */,
				FC416B6F25EBABB300410C52 /* food.jpg in Resources */,
			);
			runOnlyForDeploymentPostprocessing = 0;
		};
/* End PBXResourcesBuildPhase section */

/* Begin PBXSourcesBuildPhase section */
		FC416B4C25EBAB9A00410C52 /* Sources */ = {
			isa = PBXSourcesBuildPhase;
			buildActionMask = 2147483647;
			files = (
				FC416B8725EBAD0A00410C52 /* SearchBarView.swift in Sources */,
				FC416B8D25EBAD3F00410C52 /* DetailView.swift in Sources */,
				FC416B8425EBACF500410C52 /* HomeView.swift in Sources */,
				FC416B5425EBAB9A00410C52 /* AppDelegate.swift in Sources */,
				FC416B9025EBAD5F00410C52 /* AddItemView.swift in Sources */,
				FC416B5B25EBAB9A00410C52 /* Recipe_iOS.xcdatamodeld in Sources */,
				FC416B9325EBAD7A00410C52 /* UrlImageView.swift in Sources */,
				FC416B5625EBAB9A00410C52 /* SceneDelegate.swift in Sources */,
				FC416B7D25EBAC9500410C52 /* UrlImageModel.swift in Sources */,
				FC416B8A25EBAD2600410C52 /* RecipeCellView.swift in Sources */,
				FC416B7A25EBAC7C00410C52 /* Recipe.swift in Sources */,
				FC416B9625EBAD9500410C52 /* SavedView.swift in Sources */,
				FC416B7725EBAC5F00410C52 /* Webservice.swift in Sources */,
				FC416B8025EBACBD00410C52 /* CoreDataManager.swift in Sources */,
				FC416B5825EBAB9A00410C52 /* ContentView.swift in Sources */,
			);
			runOnlyForDeploymentPostprocessing = 0;
		};
/* End PBXSourcesBuildPhase section */

/* Begin PBXVariantGroup section */
		FC416B6125EBAB9C00410C52 /* LaunchScreen.storyboard */ = {
			isa = PBXVariantGroup;
			children = (
				FC416B6225EBAB9C00410C52 /* Base */,
			);
			name = LaunchScreen.storyboard;
			sourceTree = "<group>";
		};
/* End PBXVariantGroup section */

/* Begin XCBuildConfiguration section */
		FC416B6525EBAB9C00410C52 /* Debug */ = {
			isa = XCBuildConfiguration;
			buildSettings = {
				ALWAYS_SEARCH_USER_PATHS = NO;
				CLANG_ANALYZER_NONNULL = YES;
				CLANG_ANALYZER_NUMBER_OBJECT_CONVERSION = YES_AGGRESSIVE;
				CLANG_CXX_LANGUAGE_STANDARD = "gnu++14";
				CLANG_CXX_LIBRARY = "libc++";
				CLANG_ENABLE_MODULES = YES;
				CLANG_ENABLE_OBJC_ARC = YES;
				CLANG_ENABLE_OBJC_WEAK = YES;
				CLANG_WARN_BLOCK_CAPTURE_AUTORELEASING = YES;
				CLANG_WARN_BOOL_CONVERSION = YES;
				CLANG_WARN_COMMA = YES;
				CLANG_WARN_CONSTANT_CONVERSION = YES;
				CLANG_WARN_DEPRECATED_OBJC_IMPLEMENTATIONS = YES;
				CLANG_WARN_DIRECT_OBJC_ISA_USAGE = YES_ERROR;
				CLANG_WARN_DOCUMENTATION_COMMENTS = YES;
				CLANG_WARN_EMPTY_BODY = YES;
				CLANG_WARN_ENUM_CONVERSION = YES;
				CLANG_WARN_INFINITE_RECURSION = YES;
				CLANG_WARN_INT_CONVERSION = YES;
				CLANG_WARN_NON_LITERAL_NULL_CONVERSION = YES;
				CLANG_WARN_OBJC_IMPLICIT_RETAIN_SELF = YES;
				CLANG_WARN_OBJC_LITERAL_CONVERSION = YES;
				CLANG_WARN_OBJC_ROOT_CLASS = YES_ERROR;
				CLANG_WARN_QUOTED_INCLUDE_IN_FRAMEWORK_HEADER = YES;
				CLANG_WARN_RANGE_LOOP_ANALYSIS = YES;
				CLANG_WARN_STRICT_PROTOTYPES = YES;
				CLANG_WARN_SUSPICIOUS_MOVE = YES;
				CLANG_WARN_UNGUARDED_AVAILABILITY = YES_AGGRESSIVE;
				CLANG_WARN_UNREACHABLE_CODE = YES;
				CLANG_WARN__DUPLICATE_METHOD_MATCH = YES;
				COPY_PHASE_STRIP = NO;
				DEBUG_INFORMATION_FORMAT = dwarf;
				ENABLE_STRICT_OBJC_MSGSEND = YES;
				ENABLE_TESTABILITY = YES;
				GCC_C_LANGUAGE_STANDARD = gnu11;
				GCC_DYNAMIC_NO_PIC = NO;
				GCC_NO_COMMON_BLOCKS = YES;
				GCC_OPTIMIZATION_LEVEL = 0;
				GCC_PREPROCESSOR_DEFINITIONS = (
					"DEBUG=1",
					"$(inherited)",
				);
				GCC_WARN_64_TO_32_BIT_CONVERSION = YES;
				GCC_WARN_ABOUT_RETURN_TYPE = YES_ERROR;
				GCC_WARN_UNDECLARED_SELECTOR = YES;
				GCC_WARN_UNINITIALIZED_AUTOS = YES_AGGRESSIVE;
				GCC_WARN_UNUSED_FUNCTION = YES;
				GCC_WARN_UNUSED_VARIABLE = YES;
				IPHONEOS_DEPLOYMENT_TARGET = 13.0;
				MTL_ENABLE_DEBUG_INFO = INCLUDE_SOURCE;
				MTL_FAST_MATH = YES;
				ONLY_ACTIVE_ARCH = YES;
				SDKROOT = iphoneos;
				SWIFT_ACTIVE_COMPILATION_CONDITIONS = DEBUG;
				SWIFT_OPTIMIZATION_LEVEL = "-Onone";
			};
			name = Debug;
		};
		FC416B6625EBAB9C00410C52 /* Release */ = {
			isa = XCBuildConfiguration;
			buildSettings = {
				ALWAYS_SEARCH_USER_PATHS = NO;
				CLANG_ANALYZER_NONNULL = YES;
				CLANG_ANALYZER_NUMBER_OBJECT_CONVERSION = YES_AGGRESSIVE;
				CLANG_CXX_LANGUAGE_STANDARD = "gnu++14";
				CLANG_CXX_LIBRARY = "libc++";
				CLANG_ENABLE_MODULES = YES;
				CLANG_ENABLE_OBJC_ARC = YES;
				CLANG_ENABLE_OBJC_WEAK = YES;
				CLANG_WARN_BLOCK_CAPTURE_AUTORELEASING = YES;
				CLANG_WARN_BOOL_CONVERSION = YES;
				CLANG_WARN_COMMA = YES;
				CLANG_WARN_CONSTANT_CONVERSION = YES;
				CLANG_WARN_DEPRECATED_OBJC_IMPLEMENTATIONS = YES;
				CLANG_WARN_DIRECT_OBJC_ISA_USAGE = YES_ERROR;
				CLANG_WARN_DOCUMENTATION_COMMENTS = YES;
				CLANG_WARN_EMPTY_BODY = YES;
				CLANG_WARN_ENUM_CONVERSION = YES;
				CLANG_WARN_INFINITE_RECURSION = YES;
				CLANG_WARN_INT_CONVERSION = YES;
				CLANG_WARN_NON_LITERAL_NULL_CONVERSION = YES;
				CLANG_WARN_OBJC_IMPLICIT_RETAIN_SELF = YES;
				CLANG_WARN_OBJC_LITERAL_CONVERSION = YES;
				CLANG_WARN_OBJC_ROOT_CLASS = YES_ERROR;
				CLANG_WARN_QUOTED_INCLUDE_IN_FRAMEWORK_HEADER = YES;
				CLANG_WARN_RANGE_LOOP_ANALYSIS = YES;
				CLANG_WARN_STRICT_PROTOTYPES = YES;
				CLANG_WARN_SUSPICIOUS_MOVE = YES;
				CLANG_WARN_UNGUARDED_AVAILABILITY = YES_AGGRESSIVE;
				CLANG_WARN_UNREACHABLE_CODE = YES;
				CLANG_WARN__DUPLICATE_METHOD_MATCH = YES;
				COPY_PHASE_STRIP = NO;
				DEBUG_INFORMATION_FORMAT = "dwarf-with-dsym";
				ENABLE_NS_ASSERTIONS = NO;
				ENABLE_STRICT_OBJC_MSGSEND = YES;
				GCC_C_LANGUAGE_STANDARD = gnu11;
				GCC_NO_COMMON_BLOCKS = YES;
				GCC_WARN_64_TO_32_BIT_CONVERSION = YES;
				GCC_WARN_ABOUT_RETURN_TYPE = YES_ERROR;
				GCC_WARN_UNDECLARED_SELECTOR = YES;
				GCC_WARN_UNINITIALIZED_AUTOS = YES_AGGRESSIVE;
				GCC_WARN_UNUSED_FUNCTION = YES;
				GCC_WARN_UNUSED_VARIABLE = YES;
				IPHONEOS_DEPLOYMENT_TARGET = 13.0;
				MTL_ENABLE_DEBUG_INFO = NO;
				MTL_FAST_MATH = YES;
				SDKROOT = iphoneos;
				SWIFT_COMPILATION_MODE = wholemodule;
				SWIFT_OPTIMIZATION_LEVEL = "-O";
				VALIDATE_PRODUCT = YES;
			};
			name = Release;
		};
		FC416B6825EBAB9C00410C52 /* Debug */ = {
			isa = XCBuildConfiguration;
			buildSettings = {
				ASSETCATALOG_COMPILER_APPICON_NAME = AppIcon;
				ASSETCATALOG_COMPILER_GLOBAL_ACCENT_COLOR_NAME = AccentColor;
				CODE_SIGN_ENTITLEMENTS = "Recipe-iOS/Recipe-iOS.entitlements";
				CODE_SIGN_STYLE = Automatic;
				DEVELOPMENT_ASSET_PATHS = "\"Recipe-iOS/Preview Content\"";
				DEVELOPMENT_TEAM = 65PN49W5R6;
				ENABLE_PREVIEWS = YES;
				INFOPLIST_FILE = "Recipe-iOS/Info.plist";
				"IPHONEOS_DEPLOYMENT_TARGET[sdk=macosx*]" = 14.2;
				LD_RUNPATH_SEARCH_PATHS = (
					"$(inherited)",
					"@executable_path/Frameworks",
				);
				PRODUCT_BUNDLE_IDENTIFIER = "com.JonathanNg.Recipe-app";
				PRODUCT_NAME = "$(TARGET_NAME)";
				SUPPORTS_MACCATALYST = YES;
				SWIFT_VERSION = 5.0;
				TARGETED_DEVICE_FAMILY = "1,2";
			};
			name = Debug;
		};
		FC416B6925EBAB9C00410C52 /* Release */ = {
			isa = XCBuildConfiguration;
			buildSettings = {
				ASSETCATALOG_COMPILER_APPICON_NAME = AppIcon;
				ASSETCATALOG_COMPILER_GLOBAL_ACCENT_COLOR_NAME = AccentColor;
				CODE_SIGN_ENTITLEMENTS = "Recipe-iOS/Recipe-iOS.entitlements";
				CODE_SIGN_STYLE = Automatic;
				DEVELOPMENT_ASSET_PATHS = "\"Recipe-iOS/Preview Content\"";
				DEVELOPMENT_TEAM = 65PN49W5R6;
				ENABLE_PREVIEWS = YES;
				INFOPLIST_FILE = "Recipe-iOS/Info.plist";
				"IPHONEOS_DEPLOYMENT_TARGET[sdk=macosx*]" = 14.2;
				LD_RUNPATH_SEARCH_PATHS = (
					"$(inherited)",
					"@executable_path/Frameworks",
				);
				PRODUCT_BUNDLE_IDENTIFIER = "com.JonathanNg.Recipe-app";
				PRODUCT_NAME = "$(TARGET_NAME)";
				SUPPORTS_MACCATALYST = YES;
				SWIFT_VERSION = 5.0;
				TARGETED_DEVICE_FAMILY = "1,2";
			};
			name = Release;
		};
/* End XCBuildConfiguration section */

/* Begin XCConfigurationList section */
		FC416B4B25EBAB9A00410C52 /* Build configuration list for PBXProject "Recipe-iOS" */ = {
			isa = XCConfigurationList;
			buildConfigurations = (
				FC416B6525EBAB9C00410C52 /* Debug */,
				FC416B6625EBAB9C00410C52 /* Release */,
			);
			defaultConfigurationIsVisible = 0;
			defaultConfigurationName = Release;
		};
		FC416B6725EBAB9C00410C52 /* Build configuration list for PBXNativeTarget "Recipe-iOS" */ = {
			isa = XCConfigurationList;
			buildConfigurations = (
				FC416B6825EBAB9C00410C52 /* Debug */,
				FC416B6925EBAB9C00410C52 /* Release */,
			);
			defaultConfigurationIsVisible = 0;
			defaultConfigurationName = Release;
		};
/* End XCConfigurationList section */

/* Begin XCRemoteSwiftPackageReference section */
		FC416B7225EBAC1600410C52 /* XCRemoteSwiftPackageReference "IQKeyboardManager" */ = {
			isa = XCRemoteSwiftPackageReference;
			repositoryURL = "https://github.com/hackiftekhar/IQKeyboardManager.git";
			requirement = {
				kind = upToNextMajorVersion;
				minimumVersion = 6.5.6;
			};
		};
/* End XCRemoteSwiftPackageReference section */

/* Begin XCSwiftPackageProductDependency section */
		FC416B7325EBAC1700410C52 /* IQKeyboardManagerSwift */ = {
			isa = XCSwiftPackageProductDependency;
			package = FC416B7225EBAC1600410C52 /* XCRemoteSwiftPackageReference "IQKeyboardManager" */;
			productName = IQKeyboardManagerSwift;
		};
/* End XCSwiftPackageProductDependency section */

/* Begin XCVersionGroup section */
		FC416B5925EBAB9A00410C52 /* Recipe_iOS.xcdatamodeld */ = {
			isa = XCVersionGroup;
			children = (
				FC416B5A25EBAB9A00410C52 /* Recipe_iOS.xcdatamodel */,
			);
			currentVersion = FC416B5A25EBAB9A00410C52 /* Recipe_iOS.xcdatamodel */;
			path = Recipe_iOS.xcdatamodeld;
			sourceTree = "<group>";
			versionGroupType = wrapper.xcdatamodel;
		};
/* End XCVersionGroup section */
	};
	rootObject = FC416B4825EBAB9A00410C52 /* Project object */;
}
